Microsoft Visual Studio Solution File, Format Version 12.00
# Visual Studio 2012
VisualStudioVersion = 12.0.0.0
MinimumVisualStudioVersion = 10.0.0.1
Project("{FAE04EC0-301F-11D3-BF4B-00C04F79EFBC}") = "aiproductdataenhancer", "src\aiproductdataenhancer\aiproductdataenhancer.csproj", "{D31D7C61-1BFF-456D-8D2D-C8379A9F69F8}"
EndProject
Project("{FAE04EC0-301F-11D3-BF4B-00C04F79EFBC}") = "aiproductdataenhancer.Test", "src\aiproductdataenhancer.Test\aiproductdataenhancer.Test.csproj", "{19F1DEBC-DE5E-4517-8062-F000CD499087}"
EndProject
Global
	GlobalSection(SolutionConfigurationPlatforms) = preSolution
		Debug|Any CPU = Debug|Any CPU
		Release|Any CPU = Release|Any CPU
	EndGlobalSection
	GlobalSection(ProjectConfigurationPlatforms) = postSolution
		{D31D7C61-1BFF-456D-8D2D-C8379A9F69F8}.Debug|Any CPU.ActiveCfg = Debug|Any CPU
		{D31D7C61-1BFF-456D-8D2D-C8379A9F69F8}.Debug|Any CPU.Build.0 = Debug|Any CPU
		{D31D7C61-1BFF-456D-8D2D-C8379A9F69F8}.Release|Any CPU.ActiveCfg = Release|Any CPU
		{D31D7C61-1BFF-456D-8D2D-C8379A9F69F8}.Release|Any CPU.Build.0 = Release|Any CPU
		{19F1DEBC-DE5E-4517-8062-F000CD499087}.Debug|Any CPU.ActiveCfg = Debug|Any CPU
		{19F1DEBC-DE5E-4517-8062-F000CD499087}.Debug|Any CPU.Build.0 = Debug|Any CPU
		{19F1DEBC-DE5E-4517-8062-F000CD499087}.Release|Any CPU.ActiveCfg = Release|Any CPU
		{19F1DEBC-DE5E-4517-8062-F000CD499087}.Release|Any CPU.Build.0 = Release|Any CPU
	EndGlobalSection
	GlobalSection(SolutionProperties) = preSolution
		HideSolutionNode = FALSE
	EndGlobalSection
EndGlobal